
Microsoft Visual Studio Solution File, Format Version 12.00
# Visual Studio Version 16
VisualStudioVersion = 16.0.32901.82
MinimumVisualStudioVersion = 10.0.40219.1
Project("{FAE04EC0-301F-11D3-BF4B-00C04F79EFBC}") = "WebApplicationjan21", "WebApplicationjan21.csproj", "{15AE66E8-08CD-4739-A0EC-C9509803AB50}"
EndProject
Global
	GlobalSection(SolutionConfigurationPlatforms) = preSolution
		Debug|Any CPU = Debug|Any CPU
		Release|Any CPU = Release|Any CPU
	EndGlobalSection
	GlobalSection(ProjectConfigurationPlatforms) = postSolution
		{15AE66E8-08CD-4739-A0EC-C9509803AB50}.Debug|Any CPU.ActiveCfg = Debug|Any CPU
		{15AE66E8-08CD-4739-A0EC-C9509803AB50}.Debug|Any CPU.Build.0 = Debug|Any CPU
		{15AE66E8-08CD-4739-A0EC-C9509803AB50}.Release|Any CPU.ActiveCfg = Release|Any CPU
		{15AE66E8-08CD-4739-A0EC-C9509803AB50}.Release|Any CPU.Build.0 = Release|Any CPU
	EndGlobalSection
	GlobalSection(SolutionProperties) = preSolution
		HideSolutionNode = FALSE
	EndGlobalSection
	GlobalSection(ExtensibilityGlobals) = postSolution
		SolutionGuid = {2A26FCBC-EEA4-41CD-9FA9-702895BE71CF}
	EndGlobalSection
EndGlobal
